{
  "nodes": {
    "fenix": {
      "inputs": {
        "nixpkgs": [
          "nixpkgs"
        ],
        "rust-analyzer-src": "rust-analyzer-src"
      },
      "locked": {
        "lastModified": 1760769695,
        "narHash": "sha256-eU4HnBCVuBg+c5UninnTh65VrbkkQ8HOjCaC3NDZLYM=",
        "owner": "nix-community",
        "repo": "fenix",
        "rev": "f4cb0863b5d772b7b378ea456ac86c359303dfa7",
        "type": "github"
      },
      "original": {
        "owner": "nix-community",
        "repo": "fenix",
        "type": "github"
      }
    },
    "nixpkgs": {
      "locked": {
        "lastModified": 1760524057,
        "narHash": "sha256-EVAqOteLBFmd7pKkb0+FIUyzTF61VKi7YmvP1tw4nEw=",
        "rev": "544961dfcce86422ba200ed9a0b00dd4b1486ec5",
        "revCount": 878042,
        "type": "tarball",
        "url": "https://api.flakehub.com/f/pinned/NixOS/nixpkgs/0.1.878042%2Brev-544961dfcce86422ba200ed9a0b00dd4b1486ec5/0199ea66-30cf-75ea-9291-792c21aea771/source.tar.gz"
      },
      "original": {
        "type": "tarball",
        "url": "https://flakehub.com/f/NixOS/nixpkgs/0.1"
      }
    },
    "root": {
      "inputs": {
        "fenix": "fenix",
        "nixpkgs": "nixpkgs"
      }
    },
    "rust-analyzer-src": {
      "flake": false,
      "locked": {
        "lastModified": 1760714286,
        "narHash": "sha256-WOt9KquZ1BXjMcVyHpMeliqNRL6BfRvBHFGfRDriDx4=",
        "owner": "rust-lang",
        "repo": "rust-analyzer",
        "rev": "1e20331e42449dfc0b44bce84147a06772d045d7",
        "type": "github"
      },
      "original": {
        "owner": "rust-lang",
        "ref": "nightly",
        "repo": "rust-analyzer",
        "type": "github"
      }
    }
  },
  "root": "root",
  "version": 7
}
